PODS:
  - NJKWebViewProgress (0.2.3):
    - NJKWebViewProgress/Core (= 0.2.3)
    - NJKWebViewProgress/ProgressView (= 0.2.3)
  - NJKWebViewProgress/Core (0.2.3)
  - NJKWebViewProgress/ProgressView (0.2.3)
  - SDWebImage (5.0.1):
    - SDWebImage/Core (= 5.0.1)
  - SDWebImage/Core (5.0.1)
  - ZXDataHandle (1.1.3)
  - ZXTableView (1.1.4)

DEPENDENCIES:
  - NJKWebViewProgress
  - SDWebImage
  - ZXDataHandle
  - ZXTableView

SPEC REPOS:
  trunk:
    - NJKWebViewProgress
    - SDWebImage
    - ZXDataHandle
    - ZXTableView

SPEC CHECKSUMS:
  NJKWebViewProgress: f481fd424cb5ecc27eacae11b5397db92fba9a4d
  SDWebImage: 27dd2c9ea07a2252f94557c9fbb6105ee94b74c9
  ZXDataHandle: b0312d123d80c7faf95ff87c7e900f831912e99c
  ZXTableView: 4c3c35acbb0628bc814a895e5e39f5c7b7925798

PODFILE CHECKSUM: 28a297d9111c19dc393c559a8029bcec5911bbef

COCOAPODS: 1.10.0
